{
  "version": 4,
  "terraform_version": "1.3.2",
  "serial": 10,
  "lineage": "f821d0cf-7a25-96c7-c30e-94f457af14bf",
  "outputs": {},
  "resources": [
    {
      "mode": "data",
      "type": "digitalocean_ssh_key",
      "name": "Jornada",
      "provider": "provider[\"registry.terraform.io/digitalocean/digitalocean\"]",
      "instances": [
        {
          "schema_version": 0,
          "attributes": {
            "fingerprint": "f6:fa:76:13:cc:34:a6:3c:3b:13:4a:93:e3:7b:c1:14",
            "id": 36531108,
            "name": "Jornada",
            "public_key": "ssh-rsa AAAAB3NzaC1yc2EAAAADAQABAAABAQC/La6y6AWmxbxJX5q4EU5gMr0S/9kpo8oX2QOziFZBY6dwc/RXni2+kp2AIynbLPqYS5mKDHKn1j5zK4srMHL16SftnFrztuNSO6eifCuYE0/L/yPiCFMDe2WjEyUl8aqMT5oexBfw0H3nKdetWMurXjNNbNySiBcaD60BWyXsWmqIZ7mYJ8ktCyfdcsJ3e2V8uEMvjQvzxaHjBvZLBKTM66FEmx6wuiLdl4KHv7ix5H/7po4wlGV7BrVpLKhm8n2EfyDkiWaCdDfghroS7AN/bcGsc0yIfpG8LBPSaFjpVBgqw6cXDHMaPq6CMTX6/HMGy5/JR1tcIw/0R8Y/XvFt oem@flavio-santana\n"
          },
          "sensitive_attributes": []
        }
      ]
    },
    {
      "mode": "managed",
      "type": "digitalocean_droplet",
      "name": "jenkins",
      "provider": "provider[\"registry.terraform.io/digitalocean/digitalocean\"]",
      "instances": [
        {
          "schema_version": 1,
          "attributes": {
            "backups": false,
            "created_at": "2022-10-20T00:23:24Z",
            "disk": 60,
            "droplet_agent": null,
            "graceful_shutdown": false,
            "id": "321913175",
            "image": "ubuntu-22-04-x64",
            "ipv4_address": "68.183.49.104",
            "ipv4_address_private": "10.108.0.2",
            "ipv6": false,
            "ipv6_address": "",
            "locked": false,
            "memory": 2048,
            "monitoring": false,
            "name": "jenkins",
            "price_hourly": 0.02679,
            "price_monthly": 18,
            "private_networking": true,
            "region": "nyc3",
            "resize_disk": true,
            "size": "s-2vcpu-2gb",
            "ssh_keys": [
              "36531108"
            ],
            "status": "active",
            "tags": null,
            "timeouts": null,
            "urn": "do:droplet:321913175",
            "user_data": null,
            "vcpus": 2,
            "volume_ids": [],
            "vpc_uuid": "4ab4af0d-1dfe-40de-aa85-7d818ad457ae"
          },
          "sensitive_attributes": [],
          "private": "eyJlMmJmYjczMC1lY2FhLTExZTYtOGY4OC0zNDM2M2JjN2M0YzAiOnsiY3JlYXRlIjozNjAwMDAwMDAwMDAwLCJkZWxldGUiOjYwMDAwMDAwMDAwLCJ1cGRhdGUiOjM2MDAwMDAwMDAwMDB9LCJzY2hlbWFfdmVyc2lvbiI6IjEifQ==",
          "dependencies": [
            "data.digitalocean_ssh_key.Jornada"
          ]
        }
      ]
    }
  ],
  "check_results": []
}
